// !$*UTF8*$!
{
	archiveVersion = 1;
	classes = {
	};
	objectVersion = 56;
	objects = {

/* Begin PBXBuildFile section */
		7C16AD0E29BB9615003C01E3 /* NewsHomePageController.swift in Sources */ = {isa = PBXBuildFile; fileRef = 7C16AD0D29BB9615003C01E3 /* NewsHomePageController.swift */; };
		7C394E5429B921E40042540B /* AppDelegate.swift in Sources */ = {isa = PBXBuildFile; fileRef = 7C394E5329B921E40042540B /* AppDelegate.swift */; };
		7C394E5629B921E40042540B /* SceneDelegate.swift in Sources */ = {isa = PBXBuildFile; fileRef = 7C394E5529B921E40042540B /* SceneDelegate.swift */; };
		7C394E5829B921E40042540B /* NewsBeatController.swift in Sources */ = {isa = PBXBuildFile; fileRef = 7C394E5729B921E40042540B /* NewsBeatController.swift */; };
		7C394E5B29B921E40042540B /* Main.storyboard in Resources */ = {isa = PBXBuildFile; fileRef = 7C394E5929B921E40042540B /* Main.storyboard */; };
		7C394E5D29B921E50042540B /* Assets.xcassets in Resources */ = {isa = PBXBuildFile; fileRef = 7C394E5C29B921E50042540B /* Assets.xcassets */; };
		7C394E6029B921E50042540B /* LaunchScreen.storyboard in Resources */ = {isa = PBXBuildFile; fileRef = 7C394E5E29B921E50042540B /* LaunchScreen.storyboard */; };
		7C92AC4D29BB498E00E18CAD /* NewsTableViewCell.swift in Sources */ = {isa = PBXBuildFile; fileRef = 7C92AC4C29BB498E00E18CAD /* NewsTableViewCell.swift */; };
		7C92AC4F29BB4DD800E18CAD /* ArticlesData.swift in Sources */ = {isa = PBXBuildFile; fileRef = 7C92AC4E29BB4DD800E18CAD /* ArticlesData.swift */; };
		7C92AC5129BB4E9800E18CAD /* NewsData.swift in Sources */ = {isa = PBXBuildFile; fileRef = 7C92AC5029BB4E9800E18CAD /* NewsData.swift */; };
		7C92AC5329BB525D00E18CAD /* ApıCall.swift in Sources */ = {isa = PBXBuildFile; fileRef = 7C92AC5229BB525D00E18CAD /* ApıCall.swift */; };
/* End PBXBuildFile section */

/* Begin PBXFileReference section */
		7C16AD0D29BB9615003C01E3 /* NewsHomePageController.swift */ = {isa = PBXFileReference; lastKnownFileType = sourcecode.swift; path = NewsHomePageController.swift; sourceTree = "<group>"; };
		7C394E5029B921E40042540B /* News Beat.app */ = {isa = PBXFileReference; explicitFileType = wrapper.application; includeInIndex = 0; path = "News Beat.app"; sourceTree = BUILT_PRODUCTS_DIR; };
		7C394E5329B921E40042540B /* AppDelegate.swift */ = {isa = PBXFileReference; lastKnownFileType = sourcecode.swift; path = AppDelegate.swift; sourceTree = "<group>"; };
		7C394E5529B921E40042540B /* SceneDelegate.swift */ = {isa = PBXFileReference; lastKnownFileType = sourcecode.swift; path = SceneDelegate.swift; sourceTree = "<group>"; };
		7C394E5729B921E40042540B /* NewsBeatController.swift */ = {isa = PBXFileReference; lastKnownFileType = sourcecode.swift; path = NewsBeatController.swift; sourceTree = "<group>"; };
		7C394E5A29B921E40042540B /* Base */ = {isa = PBXFileReference; lastKnownFileType = file.storyboard; name = Base; path = Base.lproj/Main.storyboard; sourceTree = "<group>"; };
		7C394E5C29B921E50042540B /* Assets.xcassets */ = {isa = PBXFileReference; lastKnownFileType = folder.assetcatalog; path = Assets.xcassets; sourceTree = "<group>"; };
		7C394E5F29B921E50042540B /* Base */ = {isa = PBXFileReference; lastKnownFileType = file.storyboard; name = Base; path = Base.lproj/LaunchScreen.storyboard; sourceTree = "<group>"; };
		7C394E6129B921E50042540B /* Info.plist */ = {isa = PBXFileReference; lastKnownFileType = text.plist.xml; path = Info.plist; sourceTree = "<group>"; };
		7C92AC4C29BB498E00E18CAD /* NewsTableViewCell.swift */ = {isa = PBXFileReference; lastKnownFileType = sourcecode.swift; path = NewsTableViewCell.swift; sourceTree = "<group>"; };
		7C92AC4E29BB4DD800E18CAD /* ArticlesData.swift */ = {isa = PBXFileReference; lastKnownFileType = sourcecode.swift; path = ArticlesData.swift; sourceTree = "<group>"; };
		7C92AC5029BB4E9800E18CAD /* NewsData.swift */ = {isa = PBXFileReference; lastKnownFileType = sourcecode.swift; path = NewsData.swift; sourceTree = "<group>"; };
		7C92AC5229BB525D00E18CAD /* ApıCall.swift */ = {isa = PBXFileReference; lastKnownFileType = sourcecode.swift; path = "ApıCall.swift"; sourceTree = "<group>"; };
/* End PBXFileReference section */

/* Begin PBXFrameworksBuildPhase section */
		7C394E4D29B921E40042540B /* Frameworks */ = {
			isa = PBXFrameworksBuildPhase;
			buildActionMask = 2147483647;
			files = (
			);
			runOnlyForDeploymentPostprocessing = 0;
		};
/* End PBXFrameworksBuildPhase section */

/* Begin PBXGroup section */
		7C394E4729B921E40042540B = {
			isa = PBXGroup;
			children = (
				7C394E5229B921E40042540B /* News Beat */,
				7C394E5129B921E40042540B /* Products */,
			);
			sourceTree = "<group>";
		};
		7C394E5129B921E40042540B /* Products */ = {
			isa = PBXGroup;
			children = (
				7C394E5029B921E40042540B /* News Beat.app */,
			);
			name = Products;
			sourceTree = "<group>";
		};
		7C394E5229B921E40042540B /* News Beat */ = {
			isa = PBXGroup;
			children = (
				7C394E5329B921E40042540B /* AppDelegate.swift */,
				7C394E5529B921E40042540B /* SceneDelegate.swift */,
				7C394E6729B924A00042540B /* Model */,
				7C394E6829B924AC0042540B /* ViewModel */,
				7C394E6929B924BE0042540B /* Screen */,
				7C394E5929B921E40042540B /* Main.storyboard */,
				7C394E5E29B921E50042540B /* LaunchScreen.storyboard */,
				7C394E5C29B921E50042540B /* Assets.xcassets */,
				7C394E6129B921E50042540B /* Info.plist */,
			);
			path = "News Beat";
			sourceTree = "<group>";
		};
		7C394E6729B924A00042540B /* Model */ = {
			isa = PBXGroup;
			children = (
				7C92AC4E29BB4DD800E18CAD /* ArticlesData.swift */,
				7C92AC5029BB4E9800E18CAD /* NewsData.swift */,
			);
			path = Model;
			sourceTree = "<group>";
		};
		7C394E6829B924AC0042540B /* ViewModel */ = {
			isa = PBXGroup;
			children = (
				7C92AC5229BB525D00E18CAD /* ApıCall.swift */,
			);
			path = ViewModel;
			sourceTree = "<group>";
		};
		7C394E6929B924BE0042540B /* Screen */ = {
			isa = PBXGroup;
			children = (
				7C394E5729B921E40042540B /* NewsBeatController.swift */,
				7C92AC4C29BB498E00E18CAD /* NewsTableViewCell.swift */,
				7C16AD0D29BB9615003C01E3 /* NewsHomePageController.swift */,
			);
			path = Screen;
			sourceTree = "<group>";
		};
/* End PBXGroup section */

/* Begin PBXNativeTarget section */
		7C394E4F29B921E40042540B /* News Beat */ = {
			isa = PBXNativeTarget;
			buildConfigurationList = 7C394E6429B921E50042540B /* Build configuration list for PBXNativeTarget "News Beat" */;
			buildPhases = (
				7C394E4C29B921E40042540B /* Sources */,
				7C394E4D29B921E40042540B /* Frameworks */,
				7C394E4E29B921E40042540B /* Resources */,
			);
			buildRules = (
			);
			dependencies = (
			);
			name = "News Beat";
			productName = "News Beat";
			productReference = 7C394E5029B921E40042540B /* News Beat.app */;
			productType = "com.apple.product-type.application";
		};
/* End PBXNativeTarget section */

/* Begin PBXProject section */
		7C394E4829B921E40042540B /* Project object */ = {
			isa = PBXProject;
			attributes = {
				BuildIndependentTargetsInParallel = 1;
				LastSwiftUpdateCheck = 1420;
				LastUpgradeCheck = 1420;
				TargetAttributes = {
					7C394E4F29B921E40042540B = {
						CreatedOnToolsVersion = 14.2;
					};
				};
			};
			buildConfigurationList = 7C394E4B29B921E40042540B /* Build configuration list for PBXProject "News Beat" */;
			compatibilityVersion = "Xcode 14.0";
			developmentRegion = en;
			hasScannedForEncodings = 0;
			knownRegions = (
				en,
				Base,
			);
			mainGroup = 7C394E4729B921E40042540B;
			productRefGroup = 7C394E5129B921E40042540B /* Products */;
			projectDirPath = "";
			projectRoot = "";
			targets = (
				7C394E4F29B921E40042540B /* News Beat */,
			);
		};
/* End PBXProject section */

/* Begin PBXResourcesBuildPhase section */
		7C394E4E29B921E40042540B /* Resources */ = {
			isa = PBXResourcesBuildPhase;
			buildActionMask = 2147483647;
			files = (
				7C394E6029B921E50042540B /* LaunchScreen.storyboard in Resources */,
				7C394E5D29B921E50042540B /* Assets.xcassets in Resources */,
				7C394E5B29B921E40042540B /* Main.storyboard in Resources */,
			);
			runOnlyForDeploymentPostprocessing = 0;
		};
/* End PBXResourcesBuildPhase section */

/* Begin PBXSourcesBuildPhase section */
		7C394E4C29B921E40042540B /* Sources */ = {
			isa = PBXSourcesBuildPhase;
			buildActionMask = 2147483647;
			files = (
				7C92AC5329BB525D00E18CAD /* ApıCall.swift in Sources */,
				7C394E5829B921E40042540B /* NewsBeatController.swift in Sources */,
				7C16AD0E29BB9615003C01E3 /* NewsHomePageController.swift in Sources */,
				7C394E5429B921E40042540B /* AppDelegate.swift in Sources */,
				7C92AC5129BB4E9800E18CAD /* NewsData.swift in Sources */,
				7C92AC4F29BB4DD800E18CAD /* ArticlesData.swift in Sources */,
				7C92AC4D29BB498E00E18CAD /* NewsTableViewCell.swift in Sources */,
				7C394E5629B921E40042540B /* SceneDelegate.swift in Sources */,
			);
			runOnlyForDeploymentPostprocessing = 0;
		};
/* End PBXSourcesBuildPhase section */

/* Begin PBXVariantGroup section */
		7C394E5929B921E40042540B /* Main.storyboard */ = {
			isa = PBXVariantGroup;
			children = (
				7C394E5A29B921E40042540B /* Base */,
			);
			name = Main.storyboard;
			sourceTree = "<group>";
		};
		7C394E5E29B921E50042540B /* LaunchScreen.storyboard */ = {
			isa = PBXVariantGroup;
			children = (
				7C394E5F29B921E50042540B /* Base */,
			);
			name = LaunchScreen.storyboard;
			sourceTree = "<group>";
		};
/* End PBXVariantGroup section */

/* Begin XCBuildConfiguration section */
		7C394E6229B921E50042540B /* Debug */ = {
			isa = XCBuildConfiguration;
			buildSettings = {
				ALWAYS_SEARCH_USER_PATHS = NO;
				CLANG_ANALYZER_NONNULL = YES;
				CLANG_ANALYZER_NUMBER_OBJECT_CONVERSION = YES_AGGRESSIVE;
				CLANG_CXX_LANGUAGE_STANDARD = "gnu++20";
				CLANG_ENABLE_MODULES = YES;
				CLANG_ENABLE_OBJC_ARC = YES;
				CLANG_ENABLE_OBJC_WEAK = YES;
				CLANG_WARN_BLOCK_CAPTURE_AUTORELEASING = YES;
				CLANG_WARN_BOOL_CONVERSION = YES;
				CLANG_WARN_COMMA = YES;
				CLANG_WARN_CONSTANT_CONVERSION = YES;
				CLANG_WARN_DEPRECATED_OBJC_IMPLEMENTATIONS = YES;
				CLANG_WARN_DIRECT_OBJC_ISA_USAGE = YES_ERROR;
				CLANG_WARN_DOCUMENTATION_COMMENTS = YES;
				CLANG_WARN_EMPTY_BODY = YES;
				CLANG_WARN_ENUM_CONVERSION = YES;
				CLANG_WARN_INFINITE_RECURSION = YES;
				CLANG_WARN_INT_CONVERSION = YES;
				CLANG_WARN_NON_LITERAL_NULL_CONVERSION = YES;
				CLANG_WARN_OBJC_IMPLICIT_RETAIN_SELF = YES;
				CLANG_WARN_OBJC_LITERAL_CONVERSION = YES;
				CLANG_WARN_OBJC_ROOT_CLASS = YES_ERROR;
				CLANG_WARN_QUOTED_INCLUDE_IN_FRAMEWORK_HEADER = YES;
				CLANG_WARN_RANGE_LOOP_ANALYSIS = YES;
				CLANG_WARN_STRICT_PROTOTYPES = YES;
				CLANG_WARN_SUSPICIOUS_MOVE = YES;
				CLANG_WARN_UNGUARDED_AVAILABILITY = YES_AGGRESSIVE;
				CLANG_WARN_UNREACHABLE_CODE = YES;
				CLANG_WARN__DUPLICATE_METHOD_MATCH = YES;
				COPY_PHASE_STRIP = NO;
				DEBUG_INFORMATION_FORMAT = dwarf;
				ENABLE_STRICT_OBJC_MSGSEND = YES;
				ENABLE_TESTABILITY = YES;
				GCC_C_LANGUAGE_STANDARD = gnu11;
				GCC_DYNAMIC_NO_PIC = NO;
				GCC_NO_COMMON_BLOCKS = YES;
				GCC_OPTIMIZATION_LEVEL = 0;
				GCC_PREPROCESSOR_DEFINITIONS = (
					"DEBUG=1",
					"$(inherited)",
				);
				GCC_WARN_64_TO_32_BIT_CONVERSION = YES;
				GCC_WARN_ABOUT_RETURN_TYPE = YES_ERROR;
				GCC_WARN_UNDECLARED_SELECTOR = YES;
				GCC_WARN_UNINITIALIZED_AUTOS = YES_AGGRESSIVE;
				GCC_WARN_UNUSED_FUNCTION = YES;
				GCC_WARN_UNUSED_VARIABLE = YES;
				IPHONEOS_DEPLOYMENT_TARGET = 16.2;
				MTL_ENABLE_DEBUG_INFO = INCLUDE_SOURCE;
				MTL_FAST_MATH = YES;
				ONLY_ACTIVE_ARCH = YES;
				SDKROOT = iphoneos;
				SWIFT_ACTIVE_COMPILATION_CONDITIONS = DEBUG;
				SWIFT_OPTIMIZATION_LEVEL = "-Onone";
			};
			name = Debug;
		};
		7C394E6329B921E50042540B /* Release */ = {
			isa = XCBuildConfiguration;
			buildSettings = {
				ALWAYS_SEARCH_USER_PATHS = NO;
				CLANG_ANALYZER_NONNULL = YES;
				CLANG_ANALYZER_NUMBER_OBJECT_CONVERSION = YES_AGGRESSIVE;
				CLANG_CXX_LANGUAGE_STANDARD = "gnu++20";
				CLANG_ENABLE_MODULES = YES;
				CLANG_ENABLE_OBJC_ARC = YES;
				CLANG_ENABLE_OBJC_WEAK = YES;
				CLANG_WARN_BLOCK_CAPTURE_AUTORELEASING = YES;
				CLANG_WARN_BOOL_CONVERSION = YES;
				CLANG_WARN_COMMA = YES;
				CLANG_WARN_CONSTANT_CONVERSION = YES;
				CLANG_WARN_DEPRECATED_OBJC_IMPLEMENTATIONS = YES;
				CLANG_WARN_DIRECT_OBJC_ISA_USAGE = YES_ERROR;
				CLANG_WARN_DOCUMENTATION_COMMENTS = YES;
				CLANG_WARN_EMPTY_BODY = YES;
				CLANG_WARN_ENUM_CONVERSION = YES;
				CLANG_WARN_INFINITE_RECURSION = YES;
				CLANG_WARN_INT_CONVERSION = YES;
				CLANG_WARN_NON_LITERAL_NULL_CONVERSION = YES;
				CLANG_WARN_OBJC_IMPLICIT_RETAIN_SELF = YES;
				CLANG_WARN_OBJC_LITERAL_CONVERSION = YES;
				CLANG_WARN_OBJC_ROOT_CLASS = YES_ERROR;
				CLANG_WARN_QUOTED_INCLUDE_IN_FRAMEWORK_HEADER = YES;
				CLANG_WARN_RANGE_LOOP_ANALYSIS = YES;
				CLANG_WARN_STRICT_PROTOTYPES = YES;
				CLANG_WARN_SUSPICIOUS_MOVE = YES;
				CLANG_WARN_UNGUARDED_AVAILABILITY = YES_AGGRESSIVE;
				CLANG_WARN_UNREACHABLE_CODE = YES;
				CLANG_WARN__DUPLICATE_METHOD_MATCH = YES;
				COPY_PHASE_STRIP = NO;
				DEBUG_INFORMATION_FORMAT = "dwarf-with-dsym";
				ENABLE_NS_ASSERTIONS = NO;
				ENABLE_STRICT_OBJC_MSGSEND = YES;
				GCC_C_LANGUAGE_STANDARD = gnu11;
				GCC_NO_COMMON_BLOCKS = YES;
				GCC_WARN_64_TO_32_BIT_CONVERSION = YES;
				GCC_WARN_ABOUT_RETURN_TYPE = YES_ERROR;
				GCC_WARN_UNDECLARED_SELECTOR = YES;
				GCC_WARN_UNINITIALIZED_AUTOS = YES_AGGRESSIVE;
				GCC_WARN_UNUSED_FUNCTION = YES;
				GCC_WARN_UNUSED_VARIABLE = YES;
				IPHONEOS_DEPLOYMENT_TARGET = 16.2;
				MTL_ENABLE_DEBUG_INFO = NO;
				MTL_FAST_MATH = YES;
				SDKROOT = iphoneos;
				SWIFT_COMPILATION_MODE = wholemodule;
				SWIFT_OPTIMIZATION_LEVEL = "-O";
				VALIDATE_PRODUCT = YES;
			};
			name = Release;
		};
		7C394E6529B921E50042540B /* Debug */ = {
			isa = XCBuildConfiguration;
			buildSettings = {
				ASSETCATALOG_COMPILER_APPICON_NAME = AppIcon;
				ASSETCATALOG_COMPILER_GLOBAL_ACCENT_COLOR_NAME = AccentColor;
				CODE_SIGN_STYLE = Automatic;
				CURRENT_PROJECT_VERSION = 1;
				DEVELOPMENT_TEAM = 35J2VRPFB3;
				GENERATE_INFOPLIST_FILE = YES;
				INFOPLIST_FILE = "News Beat/Info.plist";
				INFOPLIST_KEY_UIApplicationSupportsIndirectInputEvents = YES;
				INFOPLIST_KEY_UILaunchStoryboardName = LaunchScreen;
				INFOPLIST_KEY_UIMainStoryboardFile = Main;
				INFOPLIST_KEY_UISupportedInterfaceOrientations_iPad = "UIInterfaceOrientationPortrait UIInterfaceOrientationPortraitUpsideDown UIInterfaceOrientationLandscapeLeft UIInterfaceOrientationLandscapeRight";
				INFOPLIST_KEY_UISupportedInterfaceOrientations_iPhone = "UIInterfaceOrientationPortrait UIInterfaceOrientationLandscapeLeft UIInterfaceOrientationLandscapeRight";
				LD_RUNPATH_SEARCH_PATHS = (
					"$(inherited)",
					"@executable_path/Frameworks",
				);
				MARKETING_VERSION = 1.0;
				PRODUCT_BUNDLE_IDENTIFIER = "com.BatuhanYilmaz.News-Beat";
				PRODUCT_NAME = "$(TARGET_NAME)";
				SWIFT_EMIT_LOC_STRINGS = YES;
				SWIFT_VERSION = 5.0;
				TARGETED_DEVICE_FAMILY = "1,2";
			};
			name = Debug;
		};
		7C394E6629B921E50042540B /* Release */ = {
			isa = XCBuildConfiguration;
			buildSettings = {
				ASSETCATALOG_COMPILER_APPICON_NAME = AppIcon;
				ASSETCATALOG_COMPILER_GLOBAL_ACCENT_COLOR_NAME = AccentColor;
				CODE_SIGN_STYLE = Automatic;
				CURRENT_PROJECT_VERSION = 1;
				DEVELOPMENT_TEAM = 35J2VRPFB3;
				GENERATE_INFOPLIST_FILE = YES;
				INFOPLIST_FILE = "News Beat/Info.plist";
				INFOPLIST_KEY_UIApplicationSupportsIndirectInputEvents = YES;
				INFOPLIST_KEY_UILaunchStoryboardName = LaunchScreen;
				INFOPLIST_KEY_UIMainStoryboardFile = Main;
				INFOPLIST_KEY_UISupportedInterfaceOrientations_iPad = "UIInterfaceOrientationPortrait UIInterfaceOrientationPortraitUpsideDown UIInterfaceOrientationLandscapeLeft UIInterfaceOrientationLandscapeRight";
				INFOPLIST_KEY_UISupportedInterfaceOrientations_iPhone = "UIInterfaceOrientationPortrait UIInterfaceOrientationLandscapeLeft UIInterfaceOrientationLandscapeRight";
				LD_RUNPATH_SEARCH_PATHS = (
					"$(inherited)",
					"@executable_path/Frameworks",
				);
				MARKETING_VERSION = 1.0;
				PRODUCT_BUNDLE_IDENTIFIER = "com.BatuhanYilmaz.News-Beat";
				PRODUCT_NAME = "$(TARGET_NAME)";
				SWIFT_EMIT_LOC_STRINGS = YES;
				SWIFT_VERSION = 5.0;
				TARGETED_DEVICE_FAMILY = "1,2";
			};
			name = Release;
		};
/* End XCBuildConfiguration section */

/* Begin XCConfigurationList section */
		7C394E4B29B921E40042540B /* Build configuration list for PBXProject "News Beat" */ = {
			isa = XCConfigurationList;
			buildConfigurations = (
				7C394E6229B921E50042540B /* Debug */,
				7C394E6329B921E50042540B /* Release */,
			);
			defaultConfigurationIsVisible = 0;
			defaultConfigurationName = Release;
		};
		7C394E6429B921E50042540B /* Build configuration list for PBXNativeTarget "News Beat" */ = {
			isa = XCConfigurationList;
			buildConfigurations = (
				7C394E6529B921E50042540B /* Debug */,
				7C394E6629B921E50042540B /* Release */,
			);
			defaultConfigurationIsVisible = 0;
			defaultConfigurationName = Release;
		};
/* End XCConfigurationList section */
	};
	rootObject = 7C394E4829B921E40042540B /* Project object */;
}
